// !$*UTF8*$!
{
	archiveVersion = 1;
	classes = {
	};
	objectVersion = 50;
	objects = {

/* Begin PBXBuildFile section */
		8C4F7DB82248089200FD62A4 /* FinishedGoalViewController.swift in Sources */ = {isa = PBXBuildFile; fileRef = 8C4F7DB72248089200FD62A4 /* FinishedGoalViewController.swift */; };
		8C777127224443C500C45A6A /* GoalType.swift in Sources */ = {isa = PBXBuildFile; fileRef = 8C777126224443C500C45A6A /* GoalType.swift */; };
		8C77712922444B9200C45A6A /* CreateGoalViewController.swift in Sources */ = {isa = PBXBuildFile; fileRef = 8C77712822444B9200C45A6A /* CreateGoalViewController.swift */; };
		8C77712B22444DE300C45A6A /* UIViewControllerExt.swift in Sources */ = {isa = PBXBuildFile; fileRef = 8C77712A22444DE300C45A6A /* UIViewControllerExt.swift */; };
		8CDB458E22459166001D3AD1 /* UIViewExt.swift in Sources */ = {isa = PBXBuildFile; fileRef = 8CDB458D22459166001D3AD1 /* UIViewExt.swift */; };
		8CDB45902245992E001D3AD1 /* UIButtonExt.swift in Sources */ = {isa = PBXBuildFile; fileRef = 8CDB458F2245992E001D3AD1 /* UIButtonExt.swift */; };
		8CE783F82242789A004E7809 /* AppDelegate.swift in Sources */ = {isa = PBXBuildFile; fileRef = 8CE783F72242789A004E7809 /* AppDelegate.swift */; };
		8CE783FA2242789A004E7809 /* GoalsViewController.swift in Sources */ = {isa = PBXBuildFile; fileRef = 8CE783F92242789A004E7809 /* GoalsViewController.swift */; };
		8CE783FD2242789A004E7809 /* Main.storyboard in Resources */ = {isa = PBXBuildFile; fileRef = 8CE783FB2242789A004E7809 /* Main.storyboard */; };
		8CE784002242789A004E7809 /* GoalPost.xcdatamodeld in Sources */ = {isa = PBXBuildFile; fileRef = 8CE783FE2242789A004E7809 /* GoalPost.xcdatamodeld */; };
		8CE784022242789C004E7809 /* Assets.xcassets in Resources */ = {isa = PBXBuildFile; fileRef = 8CE784012242789C004E7809 /* Assets.xcassets */; };
		8CE784052242789C004E7809 /* LaunchScreen.storyboard in Resources */ = {isa = PBXBuildFile; fileRef = 8CE784032242789C004E7809 /* LaunchScreen.storyboard */; };
		8CE784122243C06A004E7809 /* GoalsCell.swift in Sources */ = {isa = PBXBuildFile; fileRef = 8CE784112243C06A004E7809 /* GoalsCell.swift */; };
/* End PBXBuildFile section */

/* Begin PBXFileReference section */
		8C4F7DB72248089200FD62A4 /* FinishedGoalViewController.swift */ = {isa = PBXFileReference; lastKnownFileType = sourcecode.swift; path = FinishedGoalViewController.swift; sourceTree = "<group>"; };
		8C777126224443C500C45A6A /* GoalType.swift */ = {isa = PBXFileReference; lastKnownFileType = sourcecode.swift; path = GoalType.swift; sourceTree = "<group>"; };
		8C77712822444B9200C45A6A /* CreateGoalViewController.swift */ = {isa = PBXFileReference; lastKnownFileType = sourcecode.swift; path = CreateGoalViewController.swift; sourceTree = "<group>"; };
		8C77712A22444DE300C45A6A /* UIViewControllerExt.swift */ = {isa = PBXFileReference; lastKnownFileType = sourcecode.swift; path = UIViewControllerExt.swift; sourceTree = "<group>"; };
		8CDB458D22459166001D3AD1 /* UIViewExt.swift */ = {isa = PBXFileReference; lastKnownFileType = sourcecode.swift; path = UIViewExt.swift; sourceTree = "<group>"; };
		8CDB458F2245992E001D3AD1 /* UIButtonExt.swift */ = {isa = PBXFileReference; lastKnownFileType = sourcecode.swift; path = UIButtonExt.swift; sourceTree = "<group>"; };
		8CE783F42242789A004E7809 /* GoalPost.app */ = {isa = PBXFileReference; explicitFileType = wrapper.application; includeInIndex = 0; path = GoalPost.app; sourceTree = BUILT_PRODUCTS_DIR; };
		8CE783F72242789A004E7809 /* AppDelegate.swift */ = {isa = PBXFileReference; lastKnownFileType = sourcecode.swift; path = AppDelegate.swift; sourceTree = "<group>"; };
		8CE783F92242789A004E7809 /* GoalsViewController.swift */ = {isa = PBXFileReference; lastKnownFileType = sourcecode.swift; path = GoalsViewController.swift; sourceTree = "<group>"; };
		8CE783FC2242789A004E7809 /* Base */ = {isa = PBXFileReference; lastKnownFileType = file.storyboard; name = Base; path = Base.lproj/Main.storyboard; sourceTree = "<group>"; };
		8CE783FF2242789A004E7809 /* GoalPost.xcdatamodel */ = {isa = PBXFileReference; lastKnownFileType = wrapper.xcdatamodel; path = GoalPost.xcdatamodel; sourceTree = "<group>"; };
		8CE784012242789C004E7809 /* Assets.xcassets */ = {isa = PBXFileReference; lastKnownFileType = folder.assetcatalog; path = Assets.xcassets; sourceTree = "<group>"; };
		8CE784042242789C004E7809 /* Base */ = {isa = PBXFileReference; lastKnownFileType = file.storyboard; name = Base; path = Base.lproj/LaunchScreen.storyboard; sourceTree = "<group>"; };
		8CE784062242789C004E7809 /* Info.plist */ = {isa = PBXFileReference; lastKnownFileType = text.plist.xml; path = Info.plist; sourceTree = "<group>"; };
		8CE784112243C06A004E7809 /* GoalsCell.swift */ = {isa = PBXFileReference; lastKnownFileType = sourcecode.swift; path = GoalsCell.swift; sourceTree = "<group>"; };
/* End PBXFileReference section */

/* Begin PBXFrameworksBuildPhase section */
		8CE783F12242789A004E7809 /* Frameworks */ = {
			isa = PBXFrameworksBuildPhase;
			buildActionMask = 2147483647;
			files = (
			);
			runOnlyForDeploymentPostprocessing = 0;
		};
/* End PBXFrameworksBuildPhase section */

/* Begin PBXGroup section */
		8CE783EB2242789A004E7809 = {
			isa = PBXGroup;
			children = (
				8CE783F62242789A004E7809 /* GoalPost */,
				8CE783F52242789A004E7809 /* Products */,
			);
			sourceTree = "<group>";
		};
		8CE783F52242789A004E7809 /* Products */ = {
			isa = PBXGroup;
			children = (
				8CE783F42242789A004E7809 /* GoalPost.app */,
			);
			name = Products;
			sourceTree = "<group>";
		};
		8CE783F62242789A004E7809 /* GoalPost */ = {
			isa = PBXGroup;
			children = (
				8CE7841022427907004E7809 /* Extensions */,
				8CE7840F22427900004E7809 /* Enums */,
				8CE7840D224278E1004E7809 /* View */,
				8CE7840C224278D5004E7809 /* Controller */,
				8CE783F72242789A004E7809 /* AppDelegate.swift */,
				8CE783FB2242789A004E7809 /* Main.storyboard */,
				8CE784012242789C004E7809 /* Assets.xcassets */,
				8CE784032242789C004E7809 /* LaunchScreen.storyboard */,
				8CE784062242789C004E7809 /* Info.plist */,
				8CE783FE2242789A004E7809 /* GoalPost.xcdatamodeld */,
			);
			path = GoalPost;
			sourceTree = "<group>";
		};
		8CE7840C224278D5004E7809 /* Controller */ = {
			isa = PBXGroup;
			children = (
				8CE783F92242789A004E7809 /* GoalsViewController.swift */,
				8C77712822444B9200C45A6A /* CreateGoalViewController.swift */,
				8C4F7DB72248089200FD62A4 /* FinishedGoalViewController.swift */,
			);
			path = Controller;
			sourceTree = "<group>";
		};
		8CE7840D224278E1004E7809 /* View */ = {
			isa = PBXGroup;
			children = (
				8CE784112243C06A004E7809 /* GoalsCell.swift */,
			);
			path = View;
			sourceTree = "<group>";
		};
		8CE7840F22427900004E7809 /* Enums */ = {
			isa = PBXGroup;
			children = (
				8C777126224443C500C45A6A /* GoalType.swift */,
			);
			path = Enums;
			sourceTree = "<group>";
		};
		8CE7841022427907004E7809 /* Extensions */ = {
			isa = PBXGroup;
			children = (
				8C77712A22444DE300C45A6A /* UIViewControllerExt.swift */,
				8CDB458D22459166001D3AD1 /* UIViewExt.swift */,
				8CDB458F2245992E001D3AD1 /* UIButtonExt.swift */,
			);
			path = Extensions;
			sourceTree = "<group>";
		};
/* End PBXGroup section */

/* Begin PBXNativeTarget section */
		8CE783F32242789A004E7809 /* GoalPost */ = {
			isa = PBXNativeTarget;
			buildConfigurationList = 8CE784092242789C004E7809 /* Build configuration list for PBXNativeTarget "GoalPost" */;
			buildPhases = (
				8CE783F02242789A004E7809 /* Sources */,
				8CE783F12242789A004E7809 /* Frameworks */,
				8CE783F22242789A004E7809 /* Resources */,
			);
			buildRules = (
			);
			dependencies = (
			);
			name = GoalPost;
			productName = GoalPost;
			productReference = 8CE783F42242789A004E7809 /* GoalPost.app */;
			productType = "com.apple.product-type.application";
		};
/* End PBXNativeTarget section */

/* Begin PBXProject section */
		8CE783EC2242789A004E7809 /* Project object */ = {
			isa = PBXProject;
			attributes = {
				LastSwiftUpdateCheck = 1010;
				LastUpgradeCheck = 1010;
				ORGANIZATIONNAME = "Daniel Garofalo";
				TargetAttributes = {
					8CE783F32242789A004E7809 = {
						CreatedOnToolsVersion = 10.1;
					};
				};
			};
			buildConfigurationList = 8CE783EF2242789A004E7809 /* Build configuration list for PBXProject "GoalPost" */;
			compatibilityVersion = "Xcode 9.3";
			developmentRegion = en;
			hasScannedForEncodings = 0;
			knownRegions = (
				en,
				Base,
			);
			mainGroup = 8CE783EB2242789A004E7809;
			productRefGroup = 8CE783F52242789A004E7809 /* Products */;
			projectDirPath = "";
			projectRoot = "";
			targets = (
				8CE783F32242789A004E7809 /* GoalPost */,
			);
		};
/* End PBXProject section */

/* Begin PBXResourcesBuildPhase section */
		8CE783F22242789A004E7809 /* Resources */ = {
			isa = PBXResourcesBuildPhase;
			buildActionMask = 2147483647;
			files = (
				8CE784052242789C004E7809 /* LaunchScreen.storyboard in Resources */,
				8CE784022242789C004E7809 /* Assets.xcassets in Resources */,
				8CE783FD2242789A004E7809 /* Main.storyboard in Resources */,
			);
			runOnlyForDeploymentPostprocessing = 0;
		};
/* End PBXResourcesBuildPhase section */

/* Begin PBXSourcesBuildPhase section */
		8CE783F02242789A004E7809 /* Sources */ = {
			isa = PBXSourcesBuildPhase;
			buildActionMask = 2147483647;
			files = (
				8CE784122243C06A004E7809 /* GoalsCell.swift in Sources */,
				8C77712922444B9200C45A6A /* CreateGoalViewController.swift in Sources */,
				8C777127224443C500C45A6A /* GoalType.swift in Sources */,
				8CE783FA2242789A004E7809 /* GoalsViewController.swift in Sources */,
				8CDB458E22459166001D3AD1 /* UIViewExt.swift in Sources */,
				8CE783F82242789A004E7809 /* AppDelegate.swift in Sources */,
				8C4F7DB82248089200FD62A4 /* FinishedGoalViewController.swift in Sources */,
				8C77712B22444DE300C45A6A /* UIViewControllerExt.swift in Sources */,
				8CDB45902245992E001D3AD1 /* UIButtonExt.swift in Sources */,
				8CE784002242789A004E7809 /* GoalPost.xcdatamodeld in Sources */,
			);
			runOnlyForDeploymentPostprocessing = 0;
		};
/* End PBXSourcesBuildPhase section */

/* Begin PBXVariantGroup section */
		8CE783FB2242789A004E7809 /* Main.storyboard */ = {
			isa = PBXVariantGroup;
			children = (
				8CE783FC2242789A004E7809 /* Base */,
			);
			name = Main.storyboard;
			sourceTree = "<group>";
		};
		8CE784032242789C004E7809 /* LaunchScreen.storyboard */ = {
			isa = PBXVariantGroup;
			children = (
				8CE784042242789C004E7809 /* Base */,
			);
			name = LaunchScreen.storyboard;
			sourceTree = "<group>";
		};
/* End PBXVariantGroup section */

/* Begin XCBuildConfiguration section */
		8CE784072242789C004E7809 /* Debug */ = {
			isa = XCBuildConfiguration;
			buildSettings = {
				ALWAYS_SEARCH_USER_PATHS = NO;
				CLANG_ANALYZER_NONNULL = YES;
				CLANG_ANALYZER_NUMBER_OBJECT_CONVERSION = YES_AGGRESSIVE;
				CLANG_CXX_LANGUAGE_STANDARD = "gnu++14";
				CLANG_CXX_LIBRARY = "libc++";
				CLANG_ENABLE_MODULES = YES;
				CLANG_ENABLE_OBJC_ARC = YES;
				CLANG_ENABLE_OBJC_WEAK = YES;
				CLANG_WARN_BLOCK_CAPTURE_AUTORELEASING = YES;
				CLANG_WARN_BOOL_CONVERSION = YES;
				CLANG_WARN_COMMA = YES;
				CLANG_WARN_CONSTANT_CONVERSION = YES;
				CLANG_WARN_DEPRECATED_OBJC_IMPLEMENTATIONS = YES;
				CLANG_WARN_DIRECT_OBJC_ISA_USAGE = YES_ERROR;
				CLANG_WARN_DOCUMENTATION_COMMENTS = YES;
				CLANG_WARN_EMPTY_BODY = YES;
				CLANG_WARN_ENUM_CONVERSION = YES;
				CLANG_WARN_INFINITE_RECURSION = YES;
				CLANG_WARN_INT_CONVERSION = YES;
				CLANG_WARN_NON_LITERAL_NULL_CONVERSION = YES;
				CLANG_WARN_OBJC_IMPLICIT_RETAIN_SELF = YES;
				CLANG_WARN_OBJC_LITERAL_CONVERSION = YES;
				CLANG_WARN_OBJC_ROOT_CLASS = YES_ERROR;
				CLANG_WARN_RANGE_LOOP_ANALYSIS = YES;
				CLANG_WARN_STRICT_PROTOTYPES = YES;
				CLANG_WARN_SUSPICIOUS_MOVE = YES;
				CLANG_WARN_UNGUARDED_AVAILABILITY = YES_AGGRESSIVE;
				CLANG_WARN_UNREACHABLE_CODE = YES;
				CLANG_WARN__DUPLICATE_METHOD_MATCH = YES;
				CODE_SIGN_IDENTITY = "iPhone Developer";
				COPY_PHASE_STRIP = NO;
				DEBUG_INFORMATION_FORMAT = dwarf;
				ENABLE_STRICT_OBJC_MSGSEND = YES;
				ENABLE_TESTABILITY = YES;
				GCC_C_LANGUAGE_STANDARD = gnu11;
				GCC_DYNAMIC_NO_PIC = NO;
				GCC_NO_COMMON_BLOCKS = YES;
				GCC_OPTIMIZATION_LEVEL = 0;
				GCC_PREPROCESSOR_DEFINITIONS = (
					"DEBUG=1",
					"$(inherited)",
				);
				GCC_WARN_64_TO_32_BIT_CONVERSION = YES;
				GCC_WARN_ABOUT_RETURN_TYPE = YES_ERROR;
				GCC_WARN_UNDECLARED_SELECTOR = YES;
				GCC_WARN_UNINITIALIZED_AUTOS = YES_AGGRESSIVE;
				GCC_WARN_UNUSED_FUNCTION = YES;
				GCC_WARN_UNUSED_VARIABLE = YES;
				IPHONEOS_DEPLOYMENT_TARGET = 12.1;
				MTL_ENABLE_DEBUG_INFO = INCLUDE_SOURCE;
				MTL_FAST_MATH = YES;
				ONLY_ACTIVE_ARCH = YES;
				SDKROOT = iphoneos;
				SWIFT_ACTIVE_COMPILATION_CONDITIONS = DEBUG;
				SWIFT_OPTIMIZATION_LEVEL = "-Onone";
			};
			name = Debug;
		};
		8CE784082242789C004E7809 /* Release */ = {
			isa = XCBuildConfiguration;
			buildSettings = {
				ALWAYS_SEARCH_USER_PATHS = NO;
				CLANG_ANALYZER_NONNULL = YES;
				CLANG_ANALYZER_NUMBER_OBJECT_CONVERSION = YES_AGGRESSIVE;
				CLANG_CXX_LANGUAGE_STANDARD = "gnu++14";
				CLANG_CXX_LIBRARY = "libc++";
				CLANG_ENABLE_MODULES = YES;
				CLANG_ENABLE_OBJC_ARC = YES;
				CLANG_ENABLE_OBJC_WEAK = YES;
				CLANG_WARN_BLOCK_CAPTURE_AUTORELEASING = YES;
				CLANG_WARN_BOOL_CONVERSION = YES;
				CLANG_WARN_COMMA = YES;
				CLANG_WARN_CONSTANT_CONVERSION = YES;
				CLANG_WARN_DEPRECATED_OBJC_IMPLEMENTATIONS = YES;
				CLANG_WARN_DIRECT_OBJC_ISA_USAGE = YES_ERROR;
				CLANG_WARN_DOCUMENTATION_COMMENTS = YES;
				CLANG_WARN_EMPTY_BODY = YES;
				CLANG_WARN_ENUM_CONVERSION = YES;
				CLANG_WARN_INFINITE_RECURSION = YES;
				CLANG_WARN_INT_CONVERSION = YES;
				CLANG_WARN_NON_LITERAL_NULL_CONVERSION = YES;
				CLANG_WARN_OBJC_IMPLICIT_RETAIN_SELF = YES;
				CLANG_WARN_OBJC_LITERAL_CONVERSION = YES;
				CLANG_WARN_OBJC_ROOT_CLASS = YES_ERROR;
				CLANG_WARN_RANGE_LOOP_ANALYSIS = YES;
				CLANG_WARN_STRICT_PROTOTYPES = YES;
				CLANG_WARN_SUSPICIOUS_MOVE = YES;
				CLANG_WARN_UNGUARDED_AVAILABILITY = YES_AGGRESSIVE;
				CLANG_WARN_UNREACHABLE_CODE = YES;
				CLANG_WARN__DUPLICATE_METHOD_MATCH = YES;
				CODE_SIGN_IDENTITY = "iPhone Developer";
				COPY_PHASE_STRIP = NO;
				DEBUG_INFORMATION_FORMAT = "dwarf-with-dsym";
				ENABLE_NS_ASSERTIONS = NO;
				ENABLE_STRICT_OBJC_MSGSEND = YES;
				GCC_C_LANGUAGE_STANDARD = gnu11;
				GCC_NO_COMMON_BLOCKS = YES;
				GCC_WARN_64_TO_32_BIT_CONVERSION = YES;
				GCC_WARN_ABOUT_RETURN_TYPE = YES_ERROR;
				GCC_WARN_UNDECLARED_SELECTOR = YES;
				GCC_WARN_UNINITIALIZED_AUTOS = YES_AGGRESSIVE;
				GCC_WARN_UNUSED_FUNCTION = YES;
				GCC_WARN_UNUSED_VARIABLE = YES;
				IPHONEOS_DEPLOYMENT_TARGET = 12.1;
				MTL_ENABLE_DEBUG_INFO = NO;
				MTL_FAST_MATH = YES;
				SDKROOT = iphoneos;
				SWIFT_COMPILATION_MODE = wholemodule;
				SWIFT_OPTIMIZATION_LEVEL = "-O";
				VALIDATE_PRODUCT = YES;
			};
			name = Release;
		};
		8CE7840A2242789C004E7809 /* Debug */ = {
			isa = XCBuildConfiguration;
			buildSettings = {
				ASSETCATALOG_COMPILER_APPICON_NAME = AppIcon;
				CODE_SIGN_STYLE = Automatic;
				DEVELOPMENT_TEAM = 3JVSXR75A5;
				INFOPLIST_FILE = GoalPost/Info.plist;
				LD_RUNPATH_SEARCH_PATHS = (
					"$(inherited)",
					"@executable_path/Frameworks",
				);
				PRODUCT_BUNDLE_IDENTIFIER = com.garofalo.GoalPost;
				PRODUCT_NAME = "$(TARGET_NAME)";
				SWIFT_VERSION = 4.2;
				TARGETED_DEVICE_FAMILY = "1,2";
			};
			name = Debug;
		};
		8CE7840B2242789C004E7809 /* Release */ = {
			isa = XCBuildConfiguration;
			buildSettings = {
				ASSETCATALOG_COMPILER_APPICON_NAME = AppIcon;
				CODE_SIGN_STYLE = Automatic;
				DEVELOPMENT_TEAM = 3JVSXR75A5;
				INFOPLIST_FILE = GoalPost/Info.plist;
				LD_RUNPATH_SEARCH_PATHS = (
					"$(inherited)",
					"@executable_path/Frameworks",
				);
				PRODUCT_BUNDLE_IDENTIFIER = com.garofalo.GoalPost;
				PRODUCT_NAME = "$(TARGET_NAME)";
				SWIFT_VERSION = 4.2;
				TARGETED_DEVICE_FAMILY = "1,2";
			};
			name = Release;
		};
/* End XCBuildConfiguration section */

/* Begin XCConfigurationList section */
		8CE783EF2242789A004E7809 /* Build configuration list for PBXProject "GoalPost" */ = {
			isa = XCConfigurationList;
			buildConfigurations = (
				8CE784072242789C004E7809 /* Debug */,
				8CE784082242789C004E7809 /* Release */,
			);
			defaultConfigurationIsVisible = 0;
			defaultConfigurationName = Release;
		};
		8CE784092242789C004E7809 /* Build configuration list for PBXNativeTarget "GoalPost" */ = {
			isa = XCConfigurationList;
			buildConfigurations = (
				8CE7840A2242789C004E7809 /* Debug */,
				8CE7840B2242789C004E7809 /* Release */,
			);
			defaultConfigurationIsVisible = 0;
			defaultConfigurationName = Release;
		};
/* End XCConfigurationList section */

/* Begin XCVersionGroup section */
		8CE783FE2242789A004E7809 /* GoalPost.xcdatamodeld */ = {
			isa = XCVersionGroup;
			children = (
				8CE783FF2242789A004E7809 /* GoalPost.xcdatamodel */,
			);
			currentVersion = 8CE783FF2242789A004E7809 /* GoalPost.xcdatamodel */;
			path = GoalPost.xcdatamodeld;
			sourceTree = "<group>";
			versionGroupType = wrapper.xcdatamodel;
		};
/* End XCVersionGroup section */
	};
	rootObject = 8CE783EC2242789A004E7809 /* Project object */;
}
